
Microsoft Visual Studio Solution File, Format Version 12.00
# Visual Studio Version 17
VisualStudioVersion = 17.14.36401.2 d17.14
MinimumVisualStudioVersion = 10.0.40219.1
Project("{FAE04EC0-301F-11D3-BF4B-00C04F79EFBC}") = "R_ice", "R_ice\R_ice.csproj", "{F8A5B53E-1EDC-4CA1-8DED-11B315AB23CE}"
EndProject
Global
	GlobalSection(SolutionConfigurationPlatforms) = preSolution
		Debug|Any CPU = Debug|Any CPU
		Release|Any CPU = Release|Any CPU
	EndGlobalSection
	GlobalSection(ProjectConfigurationPlatforms) = postSolution
		{F8A5B53E-1EDC-4CA1-8DED-11B315AB23CE}.Debug|Any CPU.ActiveCfg = Debug|Any CPU
		{F8A5B53E-1EDC-4CA1-8DED-11B315AB23CE}.Debug|Any CPU.Build.0 = Debug|Any CPU
		{F8A5B53E-1EDC-4CA1-8DED-11B315AB23CE}.Release|Any CPU.ActiveCfg = Release|Any CPU
		{F8A5B53E-1EDC-4CA1-8DED-11B315AB23CE}.Release|Any CPU.Build.0 = Release|Any CPU
	EndGlobalSection
	GlobalSection(SolutionProperties) = preSolution
		HideSolutionNode = FALSE
	EndGlobalSection
	GlobalSection(ExtensibilityGlobals) = postSolution
		SolutionGuid = {30F8C520-AC13-4AEE-8148-0A40A199022C}
	EndGlobalSection
EndGlobal
